
Microsoft Visual Studio Solution File, Format Version 12.00
# Visual Studio Version 17
VisualStudioVersion = 17.4.33213.308
MinimumVisualStudioVersion = 10.0.40219.1
Project("{FAE04EC0-301F-11D3-BF4B-00C04F79EFBC}") = "Einstein Calculator", "Einstein Calculator.csproj", "{5B0DC9AD-DF06-49A3-B448-2B3A43A22B45}"
EndProject
Global
	GlobalSection(SolutionConfigurationPlatforms) = preSolution
		Debug|Any CPU = Debug|Any CPU
		Release|Any CPU = Release|Any CPU
	EndGlobalSection
	GlobalSection(ProjectConfigurationPlatforms) = postSolution
		{5B0DC9AD-DF06-49A3-B448-2B3A43A22B45}.Debug|Any CPU.ActiveCfg = Debug|Any CPU
		{5B0DC9AD-DF06-49A3-B448-2B3A43A22B45}.Debug|Any CPU.Build.0 = Debug|Any CPU
		{5B0DC9AD-DF06-49A3-B448-2B3A43A22B45}.Release|Any CPU.ActiveCfg = Release|Any CPU
		{5B0DC9AD-DF06-49A3-B448-2B3A43A22B45}.Release|Any CPU.Build.0 = Release|Any CPU
	EndGlobalSection
	GlobalSection(SolutionProperties) = preSolution
		HideSolutionNode = FALSE
	EndGlobalSection
	GlobalSection(ExtensibilityGlobals) = postSolution
		SolutionGuid = {8A9082FF-8F2E-4654-A49F-8467F0F81611}
	EndGlobalSection
EndGlobal
